
Microsoft Visual Studio Solution File, Format Version 12.00
# Visual Studio Version 17
VisualStudioVersion = 17.5.33516.290
MinimumVisualStudioVersion = 10.0.40219.1
Project("{9A19103F-16F7-4668-BE54-9A1E7A4F7556}") = "WatchList.Core", "WatchList.Core\WatchList.Core.csproj", "{78B135CF-F305-4ADA-B428-758C43C7501B}"
EndProject
Project("{9A19103F-16F7-4668-BE54-9A1E7A4F7556}") = "WatchList.API", "WatchList.API\WatchList.API.csproj", "{4F308AEE-FD16-4D0A-9A53-6330FCD5F175}"
EndProject
Project("{54A90642-561A-4BB1-A94E-469ADEE60C69}") = "Website", "Website\Website.esproj", "{CC078D89-9D00-4E7E-A2F9-6810B8DBE59C}"
EndProject
Project("{2150E333-8FDC-42A3-9474-1A3956D46DE8}") = "Services", "Services", "{55096771-BDF8-48C0-B6F6-24328B9C0762}"
EndProject
Project("{9A19103F-16F7-4668-BE54-9A1E7A4F7556}") = "WatchList.Identity", "WatchList.Identity\WatchList.Identity.csproj", "{1613A689-9B46-493D-A9FC-540949451F45}"
EndProject
Project("{9A19103F-16F7-4668-BE54-9A1E7A4F7556}") = "WatchList.Editor", "WatchList.Editor\WatchList.Editor.csproj", "{044B89C3-BBA5-401D-BD3D-AF47CAD49661}"
EndProject
Global
	GlobalSection(SolutionConfigurationPlatforms) = preSolution
		Debug|Any CPU = Debug|Any CPU
		Release|Any CPU = Release|Any CPU
	EndGlobalSection
	GlobalSection(ProjectConfigurationPlatforms) = postSolution
		{78B135CF-F305-4ADA-B428-758C43C7501B}.Debug|Any CPU.ActiveCfg = Debug|Any CPU
		{78B135CF-F305-4ADA-B428-758C43C7501B}.Debug|Any CPU.Build.0 = Debug|Any CPU
		{78B135CF-F305-4ADA-B428-758C43C7501B}.Release|Any CPU.ActiveCfg = Release|Any CPU
		{78B135CF-F305-4ADA-B428-758C43C7501B}.Release|Any CPU.Build.0 = Release|Any CPU
		{4F308AEE-FD16-4D0A-9A53-6330FCD5F175}.Debug|Any CPU.ActiveCfg = Debug|Any CPU
		{4F308AEE-FD16-4D0A-9A53-6330FCD5F175}.Debug|Any CPU.Build.0 = Debug|Any CPU
		{4F308AEE-FD16-4D0A-9A53-6330FCD5F175}.Release|Any CPU.ActiveCfg = Release|Any CPU
		{4F308AEE-FD16-4D0A-9A53-6330FCD5F175}.Release|Any CPU.Build.0 = Release|Any CPU
		{CC078D89-9D00-4E7E-A2F9-6810B8DBE59C}.Debug|Any CPU.ActiveCfg = Debug|Any CPU
		{CC078D89-9D00-4E7E-A2F9-6810B8DBE59C}.Debug|Any CPU.Build.0 = Debug|Any CPU
		{CC078D89-9D00-4E7E-A2F9-6810B8DBE59C}.Debug|Any CPU.Deploy.0 = Debug|Any CPU
		{CC078D89-9D00-4E7E-A2F9-6810B8DBE59C}.Release|Any CPU.ActiveCfg = Release|Any CPU
		{CC078D89-9D00-4E7E-A2F9-6810B8DBE59C}.Release|Any CPU.Build.0 = Release|Any CPU
		{CC078D89-9D00-4E7E-A2F9-6810B8DBE59C}.Release|Any CPU.Deploy.0 = Release|Any CPU
		{1613A689-9B46-493D-A9FC-540949451F45}.Debug|Any CPU.ActiveCfg = Debug|Any CPU
		{1613A689-9B46-493D-A9FC-540949451F45}.Debug|Any CPU.Build.0 = Debug|Any CPU
		{1613A689-9B46-493D-A9FC-540949451F45}.Release|Any CPU.ActiveCfg = Release|Any CPU
		{1613A689-9B46-493D-A9FC-540949451F45}.Release|Any CPU.Build.0 = Release|Any CPU
		{044B89C3-BBA5-401D-BD3D-AF47CAD49661}.Debug|Any CPU.ActiveCfg = Debug|Any CPU
		{044B89C3-BBA5-401D-BD3D-AF47CAD49661}.Debug|Any CPU.Build.0 = Debug|Any CPU
		{044B89C3-BBA5-401D-BD3D-AF47CAD49661}.Release|Any CPU.ActiveCfg = Release|Any CPU
		{044B89C3-BBA5-401D-BD3D-AF47CAD49661}.Release|Any CPU.Build.0 = Release|Any CPU
	EndGlobalSection
	GlobalSection(SolutionProperties) = preSolution
		HideSolutionNode = FALSE
	EndGlobalSection
	GlobalSection(NestedProjects) = preSolution
		{1613A689-9B46-493D-A9FC-540949451F45} = {55096771-BDF8-48C0-B6F6-24328B9C0762}
		{044B89C3-BBA5-401D-BD3D-AF47CAD49661} = {55096771-BDF8-48C0-B6F6-24328B9C0762}
	EndGlobalSection
	GlobalSection(ExtensibilityGlobals) = postSolution
		SolutionGuid = {9D7F7995-AC55-48F6-9171-77586D6BD2F9}
	EndGlobalSection
EndGlobal
